
Microsoft Visual Studio Solution File, Format Version 12.00
# Visual Studio Version 16
VisualStudioVersion = 16.0.32002.261
MinimumVisualStudioVersion = 10.0.40219.1
Project("{FAE04EC0-301F-11D3-BF4B-00C04F79EFBC}") = "ExemploTcpListener", "ExemploTcpListener\ExemploTcpListener.csproj", "{6B807310-CDAB-496A-95A1-6D3DF6E7D80D}"
EndProject
Global
	GlobalSection(SolutionConfigurationPlatforms) = preSolution
		Debug|Any CPU = Debug|Any CPU
		Release|Any CPU = Release|Any CPU
	EndGlobalSection
	GlobalSection(ProjectConfigurationPlatforms) = postSolution
		{6B807310-CDAB-496A-95A1-6D3DF6E7D80D}.Debug|Any CPU.ActiveCfg = Debug|Any CPU
		{6B807310-CDAB-496A-95A1-6D3DF6E7D80D}.Debug|Any CPU.Build.0 = Debug|Any CPU
		{6B807310-CDAB-496A-95A1-6D3DF6E7D80D}.Release|Any CPU.ActiveCfg = Release|Any CPU
		{6B807310-CDAB-496A-95A1-6D3DF6E7D80D}.Release|Any CPU.Build.0 = Release|Any CPU
	EndGlobalSection
	GlobalSection(SolutionProperties) = preSolution
		HideSolutionNode = FALSE
	EndGlobalSection
	GlobalSection(ExtensibilityGlobals) = postSolution
		SolutionGuid = {FFCF7459-8D34-4A94-884C-7C1A38113359}
	EndGlobalSection
EndGlobal
